
Microsoft Visual Studio Solution File, Format Version 12.00
# Visual Studio Version 16
VisualStudioVersion = 16.0.31205.134
MinimumVisualStudioVersion = 10.0.40219.1
Project("{FAE04EC0-301F-11D3-BF4B-00C04F79EFBC}") = "bai2chuong1", "bai2chuong1\bai2chuong1.csproj", "{DB3C147E-D7EE-4958-8B78-C6594DF37A54}"
EndProject
Global
	GlobalSection(SolutionConfigurationPlatforms) = preSolution
		Debug|Any CPU = Debug|Any CPU
		Release|Any CPU = Release|Any CPU
	EndGlobalSection
	GlobalSection(ProjectConfigurationPlatforms) = postSolution
		{DB3C147E-D7EE-4958-8B78-C6594DF37A54}.Debug|Any CPU.ActiveCfg = Debug|Any CPU
		{DB3C147E-D7EE-4958-8B78-C6594DF37A54}.Debug|Any CPU.Build.0 = Debug|Any CPU
		{DB3C147E-D7EE-4958-8B78-C6594DF37A54}.Release|Any CPU.ActiveCfg = Release|Any CPU
		{DB3C147E-D7EE-4958-8B78-C6594DF37A54}.Release|Any CPU.Build.0 = Release|Any CPU
	EndGlobalSection
	GlobalSection(SolutionProperties) = preSolution
		HideSolutionNode = FALSE
	EndGlobalSection
	GlobalSection(ExtensibilityGlobals) = postSolution
		SolutionGuid = {556314E0-4FC3-408E-BD3B-94ACC7415600}
	EndGlobalSection
EndGlobal
